schema_version: "1"
device:
  vendor: "Leo Bodnar"
  name: "Leo Bodnar GPS Reference Clock"
  usb:
    vendor_id: 0x1DD2
    product_id: 0x0022
  type: "accessory"
capabilities:
  axes: 0
  buttons: 0
  hats: 0
  ffb: false
support:
  tier: 3
  test_coverage:
    simulated: false
    hil: false
  notes: "Leo Bodnar GPS reference clock for USB timing."
  driver: "built-in HID"
quirks: []
tested_games: ["msfs", "xplane", "dcs"]
